
Microsoft Visual Studio Solution File, Format Version 11.00
# Visual Studio 2010
Project("{FAE04EC0-301F-11D3-BF4B-00C04F79EFBC}") = "Assembly-CSharp-Editor", "Assembly-CSharp-Editor.csproj", "{cb448645-25d1-beda-a0c8-28083cf597f3}"
EndProject
Project("{FAE04EC0-301F-11D3-BF4B-00C04F79EFBC}") = "Assembly-CSharp", "Assembly-CSharp.csproj", "{28a7e810-6136-df98-c749-d3dd2948b5e8}"
EndProject
Global
	GlobalSection(SolutionConfigurationPlatforms) = preSolution
		Debug|Any CPU = Debug|Any CPU
	EndGlobalSection
	GlobalSection(ProjectConfigurationPlatforms) = postSolution
		{cb448645-25d1-beda-a0c8-28083cf597f3}.Debug|Any CPU.ActiveCfg = Debug|Any CPU
		{cb448645-25d1-beda-a0c8-28083cf597f3}.Debug|Any CPU.Build.0 = Debug|Any CPU
		{28a7e810-6136-df98-c749-d3dd2948b5e8}.Debug|Any CPU.ActiveCfg = Debug|Any CPU
		{28a7e810-6136-df98-c749-d3dd2948b5e8}.Debug|Any CPU.Build.0 = Debug|Any CPU
	EndGlobalSection
	GlobalSection(SolutionProperties) = preSolution
		HideSolutionNode = FALSE
	EndGlobalSection
EndGlobal
